
Microsoft Visual Studio Solution File, Format Version 12.00
# Visual Studio Version 16
VisualStudioVersion = 16.0.31025.194
MinimumVisualStudioVersion = 10.0.40219.1
Project("{FAE04EC0-301F-11D3-BF4B-00C04F79EFBC}") = "Aula_Julho", "Aula_Julho.csproj", "{FEAABB37-591A-40FE-9531-AB4CD55724F5}"
EndProject
Global
	GlobalSection(SolutionConfigurationPlatforms) = preSolution
		Debug|Any CPU = Debug|Any CPU
		Release|Any CPU = Release|Any CPU
	EndGlobalSection
	GlobalSection(ProjectConfigurationPlatforms) = postSolution
		{FEAABB37-591A-40FE-9531-AB4CD55724F5}.Debug|Any CPU.ActiveCfg = Debug|Any CPU
		{FEAABB37-591A-40FE-9531-AB4CD55724F5}.Debug|Any CPU.Build.0 = Debug|Any CPU
		{FEAABB37-591A-40FE-9531-AB4CD55724F5}.Release|Any CPU.ActiveCfg = Release|Any CPU
		{FEAABB37-591A-40FE-9531-AB4CD55724F5}.Release|Any CPU.Build.0 = Release|Any CPU
	EndGlobalSection
	GlobalSection(SolutionProperties) = preSolution
		HideSolutionNode = FALSE
	EndGlobalSection
	GlobalSection(ExtensibilityGlobals) = postSolution
		SolutionGuid = {1C5ED10E-D44A-4486-95A1-1970015D331C}
	EndGlobalSection
EndGlobal
